
Microsoft Visual Studio Solution File, Format Version 12.00
# Visual Studio Version 17
VisualStudioVersion = 17.4.33122.133
MinimumVisualStudioVersion = 10.0.40219.1
Project("{FAE04EC0-301F-11D3-BF4B-00C04F79EFBC}") = "20048872_BishadDangol", "20048872_BishadDangol.csproj", "{CF4E85E0-1E85-42AA-9144-DAF6FC3F241C}"
EndProject
Global
	GlobalSection(SolutionConfigurationPlatforms) = preSolution
		Debug|Any CPU = Debug|Any CPU
		Release|Any CPU = Release|Any CPU
	EndGlobalSection
	GlobalSection(ProjectConfigurationPlatforms) = postSolution
		{CF4E85E0-1E85-42AA-9144-DAF6FC3F241C}.Debug|Any CPU.ActiveCfg = Debug|Any CPU
		{CF4E85E0-1E85-42AA-9144-DAF6FC3F241C}.Debug|Any CPU.Build.0 = Debug|Any CPU
		{CF4E85E0-1E85-42AA-9144-DAF6FC3F241C}.Release|Any CPU.ActiveCfg = Release|Any CPU
		{CF4E85E0-1E85-42AA-9144-DAF6FC3F241C}.Release|Any CPU.Build.0 = Release|Any CPU
	EndGlobalSection
	GlobalSection(SolutionProperties) = preSolution
		HideSolutionNode = FALSE
	EndGlobalSection
	GlobalSection(ExtensibilityGlobals) = postSolution
		SolutionGuid = {09753BEF-382C-4F7F-A4C9-90BDA6BE726D}
	EndGlobalSection
EndGlobal
